
Microsoft Visual Studio Solution File, Format Version 12.00
Project("{FAE04EC0-301F-11D3-BF4B-00C04F79EFBC}") = "LibraryAppWeb", "LibraryAppWeb.csproj", "{77A011CE-09C5-43B1-8A98-C00BE0835E14}"
EndProject
Global
	GlobalSection(SolutionConfigurationPlatforms) = preSolution
		Debug|Any CPU = Debug|Any CPU
		Release|Any CPU = Release|Any CPU
	EndGlobalSection
	GlobalSection(ProjectConfigurationPlatforms) = postSolution
		{77A011CE-09C5-43B1-8A98-C00BE0835E14}.Debug|Any CPU.ActiveCfg = Debug|Any CPU
		{77A011CE-09C5-43B1-8A98-C00BE0835E14}.Debug|Any CPU.Build.0 = Debug|Any CPU
		{77A011CE-09C5-43B1-8A98-C00BE0835E14}.Release|Any CPU.ActiveCfg = Release|Any CPU
		{77A011CE-09C5-43B1-8A98-C00BE0835E14}.Release|Any CPU.Build.0 = Release|Any CPU
	EndGlobalSection
EndGlobal
